# This file is generated by running "yarn install" inside your project.
# Manual changes might be lost - proceed with caution!

__metadata:
  version: 8
  cacheKey: 10c0

"@oxfmt/binding-android-arm-eabi@npm:0.44.0":
  version: 0.44.0
  resolution: "@oxfmt/binding-android-arm-eabi@npm:0.44.0"
  conditions: os=android & cpu=arm
  languageName: node
  linkType: hard

"@oxfmt/binding-android-arm64@npm:0.44.0":
  version: 0.44.0
  resolution: "@oxfmt/binding-android-arm64@npm:0.44.0"
  conditions: os=android & cpu=arm64
  languageName: node
  linkType: hard

"@oxfmt/binding-darwin-arm64@npm:0.44.0":
  version: 0.44.0
  resolution: "@oxfmt/binding-darwin-arm64@npm:0.44.0"
  conditions: os=darwin & cpu=arm64
  languageName: node
  linkType: hard

"@oxfmt/binding-darwin-x64@npm:0.44.0":
  version: 0.44.0
  resolution: "@oxfmt/binding-darwin-x64@npm:0.44.0"
  conditions: os=darwin & cpu=x64
  languageName: node
  linkType: hard

"@oxfmt/binding-freebsd-x64@npm:0.44.0":
  version: 0.44.0
  resolution: "@oxfmt/binding-freebsd-x64@npm:0.44.0"
  conditions: os=freebsd & cpu=x64
  languageName: node
  linkType: hard

"@oxfmt/binding-linux-arm-gnueabihf@npm:0.44.0":
  version: 0.44.0
  resolution: "@oxfmt/binding-linux-arm-gnueabihf@npm:0.44.0"
  conditions: os=linux & cpu=arm
  languageName: node
  linkType: hard

"@oxfmt/binding-linux-arm-musleabihf@npm:0.44.0":
  version: 0.44.0
  resolution: "@oxfmt/binding-linux-arm-musleabihf@npm:0.44.0"
  conditions: os=linux & cpu=arm
  languageName: node
  linkType: hard

"@oxfmt/binding-linux-arm64-gnu@npm:0.44.0":
  version: 0.44.0
  resolution: "@oxfmt/binding-linux-arm64-gnu@npm:0.44.0"
  conditions: os=linux & cpu=arm64 & libc=glibc
  languageName: node
  linkType: hard

"@oxfmt/binding-linux-arm64-musl@npm:0.44.0":
  version: 0.44.0
  resolution: "@oxfmt/binding-linux-arm64-musl@npm:0.44.0"
  conditions: os=linux & cpu=arm64 & libc=musl
  languageName: node
  linkType: hard

"@oxfmt/binding-linux-ppc64-gnu@npm:0.44.0":
  version: 0.44.0
  resolution: "@oxfmt/binding-linux-ppc64-gnu@npm:0.44.0"
  conditions: os=linux & cpu=ppc64 & libc=glibc
  languageName: node
  linkType: hard

"@oxfmt/binding-linux-riscv64-gnu@npm:0.44.0":
  version: 0.44.0
  resolution: "@oxfmt/binding-linux-riscv64-gnu@npm:0.44.0"
  conditions: os=linux & cpu=riscv64 & libc=glibc
  languageName: node
  linkType: hard

"@oxfmt/binding-linux-riscv64-musl@npm:0.44.0":
  version: 0.44.0
  resolution: "@oxfmt/binding-linux-riscv64-musl@npm:0.44.0"
  conditions: os=linux & cpu=riscv64 & libc=musl
  languageName: node
  linkType: hard

"@oxfmt/binding-linux-s390x-gnu@npm:0.44.0":
  version: 0.44.0
  resolution: "@oxfmt/binding-linux-s390x-gnu@npm:0.44.0"
  conditions: os=linux & cpu=s390x & libc=glibc
  languageName: node
  linkType: hard

"@oxfmt/binding-linux-x64-gnu@npm:0.44.0":
  version: 0.44.0
  resolution: "@oxfmt/binding-linux-x64-gnu@npm:0.44.0"
  conditions: os=linux & cpu=x64 & libc=glibc
  languageName: node
  linkType: hard

"@oxfmt/binding-linux-x64-musl@npm:0.44.0":
  version: 0.44.0
  resolution: "@oxfmt/binding-linux-x64-musl@npm:0.44.0"
  conditions: os=linux & cpu=x64 & libc=musl
  languageName: node
  linkType: hard

"@oxfmt/binding-openharmony-arm64@npm:0.44.0":
  version: 0.44.0
  resolution: "@oxfmt/binding-openharmony-arm64@npm:0.44.0"
  conditions: os=openharmony & cpu=arm64
  languageName: node
  linkType: hard

"@oxfmt/binding-win32-arm64-msvc@npm:0.44.0":
  version: 0.44.0
  resolution: "@oxfmt/binding-win32-arm64-msvc@npm:0.44.0"
  conditions: os=win32 & cpu=arm64
  languageName: node
  linkType: hard

"@oxfmt/binding-win32-ia32-msvc@npm:0.44.0":
  version: 0.44.0
  resolution: "@oxfmt/binding-win32-ia32-msvc@npm:0.44.0"
  conditions: os=win32 & cpu=ia32
  languageName: node
  linkType: hard

"@oxfmt/binding-win32-x64-msvc@npm:0.44.0":
  version: 0.44.0
  resolution: "@oxfmt/binding-win32-x64-msvc@npm:0.44.0"
  conditions: os=win32 & cpu=x64
  languageName: node
  linkType: hard

"@oxlint/binding-android-arm-eabi@npm:1.59.0":
  version: 1.59.0
  resolution: "@oxlint/binding-android-arm-eabi@npm:1.59.0"
  conditions: os=android & cpu=arm
  languageName: node
  linkType: hard

"@oxlint/binding-android-arm64@npm:1.59.0":
  version: 1.59.0
  resolution: "@oxlint/binding-android-arm64@npm:1.59.0"
  conditions: os=android & cpu=arm64
  languageName: node
  linkType: hard

"@oxlint/binding-darwin-arm64@npm:1.59.0":
  version: 1.59.0
  resolution: "@oxlint/binding-darwin-arm64@npm:1.59.0"
  conditions: os=darwin & cpu=arm64
  languageName: node
  linkType: hard

"@oxlint/binding-darwin-x64@npm:1.59.0":
  version: 1.59.0
  resolution: "@oxlint/binding-darwin-x64@npm:1.59.0"
  conditions: os=darwin & cpu=x64
  languageName: node
  linkType: hard

"@oxlint/binding-freebsd-x64@npm:1.59.0":
  version: 1.59.0
  resolution: "@oxlint/binding-freebsd-x64@npm:1.59.0"
  conditions: os=freebsd & cpu=x64
  languageName: node
  linkType: hard

"@oxlint/binding-linux-arm-gnueabihf@npm:1.59.0":
  version: 1.59.0
  resolution: "@oxlint/binding-linux-arm-gnueabihf@npm:1.59.0"
  conditions: os=linux & cpu=arm
  languageName: node
  linkType: hard

"@oxlint/binding-linux-arm-musleabihf@npm:1.59.0":
  version: 1.59.0
  resolution: "@oxlint/binding-linux-arm-musleabihf@npm:1.59.0"
  conditions: os=linux & cpu=arm
  languageName: node
  linkType: hard

"@oxlint/binding-linux-arm64-gnu@npm:1.59.0":
  version: 1.59.0
  resolution: "@oxlint/binding-linux-arm64-gnu@npm:1.59.0"
  conditions: os=linux & cpu=arm64 & libc=glibc
  languageName: node
  linkType: hard

"@oxlint/binding-linux-arm64-musl@npm:1.59.0":
  version: 1.59.0
  resolution: "@oxlint/binding-linux-arm64-musl@npm:1.59.0"
  conditions: os=linux & cpu=arm64 & libc=musl
  languageName: node
  linkType: hard

"@oxlint/binding-linux-ppc64-gnu@npm:1.59.0":
  version: 1.59.0
  resolution: "@oxlint/binding-linux-ppc64-gnu@npm:1.59.0"
  conditions: os=linux & cpu=ppc64 & libc=glibc
  languageName: node
  linkType: hard

"@oxlint/binding-linux-riscv64-gnu@npm:1.59.0":
  version: 1.59.0
  resolution: "@oxlint/binding-linux-riscv64-gnu@npm:1.59.0"
  conditions: os=linux & cpu=riscv64 & libc=glibc
  languageName: node
  linkType: hard

"@oxlint/binding-linux-riscv64-musl@npm:1.59.0":
  version: 1.59.0
  resolution: "@oxlint/binding-linux-riscv64-musl@npm:1.59.0"
  conditions: os=linux & cpu=riscv64 & libc=musl
  languageName: node
  linkType: hard

"@oxlint/binding-linux-s390x-gnu@npm:1.59.0":
  version: 1.59.0
  resolution: "@oxlint/binding-linux-s390x-gnu@npm:1.59.0"
  conditions: os=linux & cpu=s390x & libc=glibc
  languageName: node
  linkType: hard

"@oxlint/binding-linux-x64-gnu@npm:1.59.0":
  version: 1.59.0
  resolution: "@oxlint/binding-linux-x64-gnu@npm:1.59.0"
  conditions: os=linux & cpu=x64 & libc=glibc
  languageName: node
  linkType: hard

"@oxlint/binding-linux-x64-musl@npm:1.59.0":
  version: 1.59.0
  resolution: "@oxlint/binding-linux-x64-musl@npm:1.59.0"
  conditions: os=linux & cpu=x64 & libc=musl
  languageName: node
  linkType: hard

"@oxlint/binding-openharmony-arm64@npm:1.59.0":
  version: 1.59.0
  resolution: "@oxlint/binding-openharmony-arm64@npm:1.59.0"
  conditions: os=openharmony & cpu=arm64
  languageName: node
  linkType: hard

"@oxlint/binding-win32-arm64-msvc@npm:1.59.0":
  version: 1.59.0
  resolution: "@oxlint/binding-win32-arm64-msvc@npm:1.59.0"
  conditions: os=win32 & cpu=arm64
  languageName: node
  linkType: hard

"@oxlint/binding-win32-ia32-msvc@npm:1.59.0":
  version: 1.59.0
  resolution: "@oxlint/binding-win32-ia32-msvc@npm:1.59.0"
  conditions: os=win32 & cpu=ia32
  languageName: node
  linkType: hard

"@oxlint/binding-win32-x64-msvc@npm:1.59.0":
  version: 1.59.0
  resolution: "@oxlint/binding-win32-x64-msvc@npm:1.59.0"
  conditions: os=win32 & cpu=x64
  languageName: node
  linkType: hard

"ansi-escapes@npm:^7.0.0":
  version: 7.3.0
  resolution: "ansi-escapes@npm:7.3.0"
  dependencies:
    environment: "npm:^1.0.0"
  checksum: 10c0/068961d99f0ef28b661a4a9f84a5d645df93ccf3b9b93816cc7d46bbe1913321d4cdf156bb842a4e1e4583b7375c631fa963efb43001c4eb7ff9ab8f78fc0679
  languageName: node
  linkType: hard

"ansi-regex@npm:^6.2.2":
  version: 6.2.2
  resolution: "ansi-regex@npm:6.2.2"
  checksum: 10c0/05d4acb1d2f59ab2cf4b794339c7b168890d44dda4bf0ce01152a8da0213aca207802f930442ce8cd22d7a92f44907664aac6508904e75e038fa944d2601b30f
  languageName: node
  linkType: hard

"ansi-styles@npm:^6.2.1, ansi-styles@npm:^6.2.3":
  version: 6.2.3
  resolution: "ansi-styles@npm:6.2.3"
  checksum: 10c0/23b8a4ce14e18fb854693b95351e286b771d23d8844057ed2e7d083cd3e708376c3323707ec6a24365f7d7eda3ca00327fe04092e29e551499ec4c8b7bfac868
  languageName: node
  linkType: hard

"cli-cursor@npm:^5.0.0":
  version: 5.0.0
  resolution: "cli-cursor@npm:5.0.0"
  dependencies:
    restore-cursor: "npm:^5.0.0"
  checksum: 10c0/7ec62f69b79f6734ab209a3e4dbdc8af7422d44d360a7cb1efa8a0887bbe466a6e625650c466fe4359aee44dbe2dc0b6994b583d40a05d0808a5cb193641d220
  languageName: node
  linkType: hard

"cli-truncate@npm:^5.0.0":
  version: 5.2.0
  resolution: "cli-truncate@npm:5.2.0"
  dependencies:
    slice-ansi: "npm:^8.0.0"
    string-width: "npm:^8.2.0"
  checksum: 10c0/0d4ec94702ca85b64522ac93633837fb5ea7db17b79b1322a60f6045e6ae2b8cd7bd4c1d19ac7d1f9e10e3bbda1112e172e439b68c02b785ee00da8d6a5c5471
  languageName: node
  linkType: hard

"colorette@npm:^2.0.20":
  version: 2.0.20
  resolution: "colorette@npm:2.0.20"
  checksum: 10c0/e94116ff33b0ff56f3b83b9ace895e5bf87c2a7a47b3401b8c3f3226e050d5ef76cf4072fb3325f9dc24d1698f9b730baf4e05eeaf861d74a1883073f4c98a40
  languageName: node
  linkType: hard

"commander@npm:^14.0.3":
  version: 14.0.3
  resolution: "commander@npm:14.0.3"
  checksum: 10c0/755652564bbf56ff2ff083313912b326450d3f8d8c85f4b71416539c9a05c3c67dbd206821ca72635bf6b160e2afdefcb458e86b317827d5cb333b69ce7f1a24
  languageName: node
  linkType: hard

"emoji-regex@npm:^10.3.0":
  version: 10.6.0
  resolution: "emoji-regex@npm:10.6.0"
  checksum: 10c0/1e4aa097bb007301c3b4b1913879ae27327fdc48e93eeefefe3b87e495eb33c5af155300be951b4349ff6ac084f4403dc9eff970acba7c1c572d89396a9a32d7
  languageName: node
  linkType: hard

"environment@npm:^1.0.0":
  version: 1.1.0
  resolution: "environment@npm:1.1.0"
  checksum: 10c0/fb26434b0b581ab397039e51ff3c92b34924a98b2039dcb47e41b7bca577b9dbf134a8eadb364415c74464b682e2d3afe1a4c0eb9873dc44ea814c5d3103331d
  languageName: node
  linkType: hard

"eventemitter3@npm:^5.0.1":
  version: 5.0.4
  resolution: "eventemitter3@npm:5.0.4"
  checksum: 10c0/575b8cac8d709e1473da46f8f15ef311b57ff7609445a7c71af5cd42598583eee6f098fa7a593e30f27e94b8865642baa0689e8fa97c016f742abdb3b1bf6d9a
  languageName: node
  linkType: hard

"get-east-asian-width@npm:^1.0.0, get-east-asian-width@npm:^1.3.1, get-east-asian-width@npm:^1.5.0":
  version: 1.5.0
  resolution: "get-east-asian-width@npm:1.5.0"
  checksum: 10c0/bff8bbc8d81790b9477f7aa55b1806b9f082a8dc1359fff7bd8b96939622c86b729685afc2bfeb22def1fc6ef1e5228e4d87dd4e6da60bc43a5edfb03c4ee167
  languageName: node
  linkType: hard

"husky@npm:^9.1.7":
  version: 9.1.7
  resolution: "husky@npm:9.1.7"
  bin:
    husky: bin.js
  checksum: 10c0/35bb110a71086c48906aa7cd3ed4913fb913823715359d65e32e0b964cb1e255593b0ae8014a5005c66a68e6fa66c38dcfa8056dbbdfb8b0187c0ffe7ee3a58f
  languageName: node
  linkType: hard

"is-fullwidth-code-point@npm:^5.0.0, is-fullwidth-code-point@npm:^5.1.0":
  version: 5.1.0
  resolution: "is-fullwidth-code-point@npm:5.1.0"
  dependencies:
    get-east-asian-width: "npm:^1.3.1"
  checksum: 10c0/c1172c2e417fb73470c56c431851681591f6a17233603a9e6f94b7ba870b2e8a5266506490573b607fb1081318589372034aa436aec07b465c2029c0bc7f07a4
  languageName: node
  linkType: hard

"lint-staged@npm:^16.4.0":
  version: 16.4.0
  resolution: "lint-staged@npm:16.4.0"
  dependencies:
    commander: "npm:^14.0.3"
    listr2: "npm:^9.0.5"
    picomatch: "npm:^4.0.3"
    string-argv: "npm:^0.3.2"
    tinyexec: "npm:^1.0.4"
    yaml: "npm:^2.8.2"
  bin:
    lint-staged: bin/lint-staged.js
  checksum: 10c0/67625a49a2a01368c7df2da7e553567a79c4b261d9faf3436e00fc3a2f9c4bbe7295909012c47b3d9029e269fd7d7469901a5120573527a032f15797aa497c26
  languageName: node
  linkType: hard

"listr2@npm:^9.0.5":
  version: 9.0.5
  resolution: "listr2@npm:9.0.5"
  dependencies:
    cli-truncate: "npm:^5.0.0"
    colorette: "npm:^2.0.20"
    eventemitter3: "npm:^5.0.1"
    log-update: "npm:^6.1.0"
    rfdc: "npm:^1.4.1"
    wrap-ansi: "npm:^9.0.0"
  checksum: 10c0/46448d1ba0addc9d71aeafd05bb8e86ded9641ccad930ac302c2bd2ad71580375604743e18586fcb8f11906edf98e8e17fca75ba0759947bf275d381f68e311d
  languageName: node
  linkType: hard

"log-update@npm:^6.1.0":
  version: 6.1.0
  resolution: "log-update@npm:6.1.0"
  dependencies:
    ansi-escapes: "npm:^7.0.0"
    cli-cursor: "npm:^5.0.0"
    slice-ansi: "npm:^7.1.0"
    strip-ansi: "npm:^7.1.0"
    wrap-ansi: "npm:^9.0.0"
  checksum: 10c0/4b350c0a83d7753fea34dcac6cd797d1dc9603291565de009baa4aa91c0447eab0d3815a05c8ec9ac04fdfffb43c82adcdb03ec1fceafd8518e1a8c1cff4ff89
  languageName: node
  linkType: hard

"mimic-function@npm:^5.0.0":
  version: 5.0.1
  resolution: "mimic-function@npm:5.0.1"
  checksum: 10c0/f3d9464dd1816ecf6bdf2aec6ba32c0728022039d992f178237d8e289b48764fee4131319e72eedd4f7f094e22ded0af836c3187a7edc4595d28dd74368fd81d
  languageName: node
  linkType: hard

"node-abi@workspace:.":
  version: 0.0.0-use.local
  resolution: "node-abi@workspace:."
  dependencies:
    husky: "npm:^9.1.7"
    lint-staged: "npm:^16.4.0"
    oxfmt: "npm:^0.44.0"
    oxlint: "npm:^1.59.0"
    semver: "npm:^7.6.3"
  languageName: unknown
  linkType: soft

"onetime@npm:^7.0.0":
  version: 7.0.0
  resolution: "onetime@npm:7.0.0"
  dependencies:
    mimic-function: "npm:^5.0.0"
  checksum: 10c0/5cb9179d74b63f52a196a2e7037ba2b9a893245a5532d3f44360012005c9cadb60851d56716ebff18a6f47129dab7168022445df47c2aff3b276d92585ed1221
  languageName: node
  linkType: hard

"oxfmt@npm:^0.44.0":
  version: 0.44.0
  resolution: "oxfmt@npm:0.44.0"
  dependencies:
    "@oxfmt/binding-android-arm-eabi": "npm:0.44.0"
    "@oxfmt/binding-android-arm64": "npm:0.44.0"
    "@oxfmt/binding-darwin-arm64": "npm:0.44.0"
    "@oxfmt/binding-darwin-x64": "npm:0.44.0"
    "@oxfmt/binding-freebsd-x64": "npm:0.44.0"
    "@oxfmt/binding-linux-arm-gnueabihf": "npm:0.44.0"
    "@oxfmt/binding-linux-arm-musleabihf": "npm:0.44.0"
    "@oxfmt/binding-linux-arm64-gnu": "npm:0.44.0"
    "@oxfmt/binding-linux-arm64-musl": "npm:0.44.0"
    "@oxfmt/binding-linux-ppc64-gnu": "npm:0.44.0"
    "@oxfmt/binding-linux-riscv64-gnu": "npm:0.44.0"
    "@oxfmt/binding-linux-riscv64-musl": "npm:0.44.0"
    "@oxfmt/binding-linux-s390x-gnu": "npm:0.44.0"
    "@oxfmt/binding-linux-x64-gnu": "npm:0.44.0"
    "@oxfmt/binding-linux-x64-musl": "npm:0.44.0"
    "@oxfmt/binding-openharmony-arm64": "npm:0.44.0"
    "@oxfmt/binding-win32-arm64-msvc": "npm:0.44.0"
    "@oxfmt/binding-win32-ia32-msvc": "npm:0.44.0"
    "@oxfmt/binding-win32-x64-msvc": "npm:0.44.0"
    tinypool: "npm:2.1.0"
  dependenciesMeta:
    "@oxfmt/binding-android-arm-eabi":
      optional: true
    "@oxfmt/binding-android-arm64":
      optional: true
    "@oxfmt/binding-darwin-arm64":
      optional: true
    "@oxfmt/binding-darwin-x64":
      optional: true
    "@oxfmt/binding-freebsd-x64":
      optional: true
    "@oxfmt/binding-linux-arm-gnueabihf":
      optional: true
    "@oxfmt/binding-linux-arm-musleabihf":
      optional: true
    "@oxfmt/binding-linux-arm64-gnu":
      optional: true
    "@oxfmt/binding-linux-arm64-musl":
      optional: true
    "@oxfmt/binding-linux-ppc64-gnu":
      optional: true
    "@oxfmt/binding-linux-riscv64-gnu":
      optional: true
    "@oxfmt/binding-linux-riscv64-musl":
      optional: true
    "@oxfmt/binding-linux-s390x-gnu":
      optional: true
    "@oxfmt/binding-linux-x64-gnu":
      optional: true
    "@oxfmt/binding-linux-x64-musl":
      optional: true
    "@oxfmt/binding-openharmony-arm64":
      optional: true
    "@oxfmt/binding-win32-arm64-msvc":
      optional: true
    "@oxfmt/binding-win32-ia32-msvc":
      optional: true
    "@oxfmt/binding-win32-x64-msvc":
      optional: true
  bin:
    oxfmt: bin/oxfmt
  checksum: 10c0/c4e0239ff9c7480a820cffd43a805a70df1b4569bdae5c253a0547f93a48ab70bb22454487c50529a5e6b2080717d15db981a52a99da7d6b55fa365c9b03fdb9
  languageName: node
  linkType: hard

"oxlint@npm:^1.59.0":
  version: 1.59.0
  resolution: "oxlint@npm:1.59.0"
  dependencies:
    "@oxlint/binding-android-arm-eabi": "npm:1.59.0"
    "@oxlint/binding-android-arm64": "npm:1.59.0"
    "@oxlint/binding-darwin-arm64": "npm:1.59.0"
    "@oxlint/binding-darwin-x64": "npm:1.59.0"
    "@oxlint/binding-freebsd-x64": "npm:1.59.0"
    "@oxlint/binding-linux-arm-gnueabihf": "npm:1.59.0"
    "@oxlint/binding-linux-arm-musleabihf": "npm:1.59.0"
    "@oxlint/binding-linux-arm64-gnu": "npm:1.59.0"
    "@oxlint/binding-linux-arm64-musl": "npm:1.59.0"
    "@oxlint/binding-linux-ppc64-gnu": "npm:1.59.0"
    "@oxlint/binding-linux-riscv64-gnu": "npm:1.59.0"
    "@oxlint/binding-linux-riscv64-musl": "npm:1.59.0"
    "@oxlint/binding-linux-s390x-gnu": "npm:1.59.0"
    "@oxlint/binding-linux-x64-gnu": "npm:1.59.0"
    "@oxlint/binding-linux-x64-musl": "npm:1.59.0"
    "@oxlint/binding-openharmony-arm64": "npm:1.59.0"
    "@oxlint/binding-win32-arm64-msvc": "npm:1.59.0"
    "@oxlint/binding-win32-ia32-msvc": "npm:1.59.0"
    "@oxlint/binding-win32-x64-msvc": "npm:1.59.0"
  peerDependencies:
    oxlint-tsgolint: ">=0.18.0"
  dependenciesMeta:
    "@oxlint/binding-android-arm-eabi":
      optional: true
    "@oxlint/binding-android-arm64":
      optional: true
    "@oxlint/binding-darwin-arm64":
      optional: true
    "@oxlint/binding-darwin-x64":
      optional: true
    "@oxlint/binding-freebsd-x64":
      optional: true
    "@oxlint/binding-linux-arm-gnueabihf":
      optional: true
    "@oxlint/binding-linux-arm-musleabihf":
      optional: true
    "@oxlint/binding-linux-arm64-gnu":
      optional: true
    "@oxlint/binding-linux-arm64-musl":
      optional: true
    "@oxlint/binding-linux-ppc64-gnu":
      optional: true
    "@oxlint/binding-linux-riscv64-gnu":
      optional: true
    "@oxlint/binding-linux-riscv64-musl":
      optional: true
    "@oxlint/binding-linux-s390x-gnu":
      optional: true
    "@oxlint/binding-linux-x64-gnu":
      optional: true
    "@oxlint/binding-linux-x64-musl":
      optional: true
    "@oxlint/binding-openharmony-arm64":
      optional: true
    "@oxlint/binding-win32-arm64-msvc":
      optional: true
    "@oxlint/binding-win32-ia32-msvc":
      optional: true
    "@oxlint/binding-win32-x64-msvc":
      optional: true
  peerDependenciesMeta:
    oxlint-tsgolint:
      optional: true
  bin:
    oxlint: bin/oxlint
  checksum: 10c0/68614addf6b6a95df8a0c8ba764ee09d2d6d1693b55b62a4f31eda3be63915d24666a11b31dfe1fabbe88e1d7ab814243a1e7ecb40db87d0f567135d17f44e2c
  languageName: node
  linkType: hard

"picomatch@npm:^4.0.3":
  version: 4.0.4
  resolution: "picomatch@npm:4.0.4"
  checksum: 10c0/e2c6023372cc7b5764719a5ffb9da0f8e781212fa7ca4bd0562db929df8e117460f00dff3cb7509dacfc06b86de924b247f504d0ce1806a37fac4633081466b0
  languageName: node
  linkType: hard

"restore-cursor@npm:^5.0.0":
  version: 5.1.0
  resolution: "restore-cursor@npm:5.1.0"
  dependencies:
    onetime: "npm:^7.0.0"
    signal-exit: "npm:^4.1.0"
  checksum: 10c0/c2ba89131eea791d1b25205bdfdc86699767e2b88dee2a590b1a6caa51737deac8bad0260a5ded2f7c074b7db2f3a626bcf1fcf3cdf35974cbeea5e2e6764f60
  languageName: node
  linkType: hard

"rfdc@npm:^1.4.1":
  version: 1.4.1
  resolution: "rfdc@npm:1.4.1"
  checksum: 10c0/4614e4292356cafade0b6031527eea9bc90f2372a22c012313be1dcc69a3b90c7338158b414539be863fa95bfcb2ddcd0587be696841af4e6679d85e62c060c7
  languageName: node
  linkType: hard

"semver@npm:^7.6.3":
  version: 7.6.3
  resolution: "semver@npm:7.6.3"
  bin:
    semver: bin/semver.js
  checksum: 10c0/88f33e148b210c153873cb08cfe1e281d518aaa9a666d4d148add6560db5cd3c582f3a08ccb91f38d5f379ead256da9931234ed122057f40bb5766e65e58adaf
  languageName: node
  linkType: hard

"signal-exit@npm:^4.1.0":
  version: 4.1.0
  resolution: "signal-exit@npm:4.1.0"
  checksum: 10c0/41602dce540e46d599edba9d9860193398d135f7ff72cab629db5171516cfae628d21e7bfccde1bbfdf11c48726bc2a6d1a8fb8701125852fbfda7cf19c6aa83
  languageName: node
  linkType: hard

"slice-ansi@npm:^7.1.0":
  version: 7.1.2
  resolution: "slice-ansi@npm:7.1.2"
  dependencies:
    ansi-styles: "npm:^6.2.1"
    is-fullwidth-code-point: "npm:^5.0.0"
  checksum: 10c0/36742f2eb0c03e2e81a38ed14d13a64f7b732fe38c3faf96cce0599788a345011e840db35f1430ca606ea3f8db2abeb92a8d25c2753a819e3babaa10c2e289a2
  languageName: node
  linkType: hard

"slice-ansi@npm:^8.0.0":
  version: 8.0.0
  resolution: "slice-ansi@npm:8.0.0"
  dependencies:
    ansi-styles: "npm:^6.2.3"
    is-fullwidth-code-point: "npm:^5.1.0"
  checksum: 10c0/0ce4aa91febb7cea4a00c2c27bb820fa53b6d2862ce0f80f7120134719f7914fc416b0ed966cf35250a3169e152916392f35917a2d7cad0fcc5d8b841010fa9a
  languageName: node
  linkType: hard

"string-argv@npm:^0.3.2":
  version: 0.3.2
  resolution: "string-argv@npm:0.3.2"
  checksum: 10c0/75c02a83759ad1722e040b86823909d9a2fc75d15dd71ec4b537c3560746e33b5f5a07f7332d1e3f88319909f82190843aa2f0a0d8c8d591ec08e93d5b8dec82
  languageName: node
  linkType: hard

"string-width@npm:^7.0.0":
  version: 7.2.0
  resolution: "string-width@npm:7.2.0"
  dependencies:
    emoji-regex: "npm:^10.3.0"
    get-east-asian-width: "npm:^1.0.0"
    strip-ansi: "npm:^7.1.0"
  checksum: 10c0/eb0430dd43f3199c7a46dcbf7a0b34539c76fe3aa62763d0b0655acdcbdf360b3f66f3d58ca25ba0205f42ea3491fa00f09426d3b7d3040e506878fc7664c9b9
  languageName: node
  linkType: hard

"string-width@npm:^8.2.0":
  version: 8.2.0
  resolution: "string-width@npm:8.2.0"
  dependencies:
    get-east-asian-width: "npm:^1.5.0"
    strip-ansi: "npm:^7.1.2"
  checksum: 10c0/d8915428b43519b0f494da6590dbe4491857d8a12e40250e50fc01fbb616ffd8400a436bbe25712255ee129511fe0414c49d3b6b9627e2bc3a33dcec1d2eda02
  languageName: node
  linkType: hard

"strip-ansi@npm:^7.1.0, strip-ansi@npm:^7.1.2":
  version: 7.2.0
  resolution: "strip-ansi@npm:7.2.0"
  dependencies:
    ansi-regex: "npm:^6.2.2"
  checksum: 10c0/544d13b7582f8254811ea97db202f519e189e59d35740c46095897e254e4f1aa9fe1524a83ad6bc5ad67d4dd6c0281d2e0219ed62b880a6238a16a17d375f221
  languageName: node
  linkType: hard

"tinyexec@npm:^1.0.4":
  version: 1.0.4
  resolution: "tinyexec@npm:1.0.4"
  checksum: 10c0/d4a5bbcf6bdb23527a4b74c4aa566f41432167112fe76f420ec7e3a90a3ecfd3a7d944383e2719fc3987b69400f7b928daf08700d145fb527c2e80ec01e198bd
  languageName: node
  linkType: hard

"tinypool@npm:2.1.0":
  version: 2.1.0
  resolution: "tinypool@npm:2.1.0"
  checksum: 10c0/9fb1c760558c6264e0f4cfde96a63b12450b43f1730fbe6274aa24ddbdf488745c08924d0dea7a1303b47d555416a6415f2113898c69b6ecf731e75ac95238a5
  languageName: node
  linkType: hard

"wrap-ansi@npm:^9.0.0":
  version: 9.0.2
  resolution: "wrap-ansi@npm:9.0.2"
  dependencies:
    ansi-styles: "npm:^6.2.1"
    string-width: "npm:^7.0.0"
    strip-ansi: "npm:^7.1.0"
  checksum: 10c0/3305839b9a0d6fb930cb63a52f34d3936013d8b0682ff3ec133c9826512620f213800ffa19ea22904876d5b7e9a3c1f40682f03597d986a4ca881fa7b033688c
  languageName: node
  linkType: hard

"yaml@npm:^2.8.2":
  version: 2.8.3
  resolution: "yaml@npm:2.8.3"
  bin:
    yaml: bin.mjs
  checksum: 10c0/ddff0e11c1b467728d7eb4633db61c5f5de3d8e9373cf84d08fb0cdee03e1f58f02b9f1c51a4a8a865751695addbd465a77f73f1079be91fe5493b29c305fd77
  languageName: node
  linkType: hard
