# This file is generated by running "yarn install" inside your project.
# Manual changes might be lost - proceed with caution!

__metadata:
  version: 8
  cacheKey: 10c0

"@oxfmt/binding-android-arm-eabi@npm:0.44.0":
  version: 0.44.0
  resolution: "@oxfmt/binding-android-arm-eabi@npm:0.44.0"
  conditions: os=android & cpu=arm
  languageName: node
  linkType: hard

"@oxfmt/binding-android-arm64@npm:0.44.0":
  version: 0.44.0
  resolution: "@oxfmt/binding-android-arm64@npm:0.44.0"
  conditions: os=android & cpu=arm64
  languageName: node
  linkType: hard

"@oxfmt/binding-darwin-arm64@npm:0.44.0":
  version: 0.44.0
  resolution: "@oxfmt/binding-darwin-arm64@npm:0.44.0"
  conditions: os=darwin & cpu=arm64
  languageName: node
  linkType: hard

"@oxfmt/binding-darwin-x64@npm:0.44.0":
  version: 0.44.0
  resolution: "@oxfmt/binding-darwin-x64@npm:0.44.0"
  conditions: os=darwin & cpu=x64
  languageName: node
  linkType: hard

"@oxfmt/binding-freebsd-x64@npm:0.44.0":
  version: 0.44.0
  resolution: "@oxfmt/binding-freebsd-x64@npm:0.44.0"
  conditions: os=freebsd & cpu=x64
  languageName: node
  linkType: hard

"@oxfmt/binding-linux-arm-gnueabihf@npm:0.44.0":
  version: 0.44.0
  resolution: "@oxfmt/binding-linux-arm-gnueabihf@npm:0.44.0"
  conditions: os=linux & cpu=arm
  languageName: node
  linkType: hard

"@oxfmt/binding-linux-arm-musleabihf@npm:0.44.0":
  version: 0.44.0
  resolution: "@oxfmt/binding-linux-arm-musleabihf@npm:0.44.0"
  conditions: os=linux & cpu=arm
  languageName: node
  linkType: hard

"@oxfmt/binding-linux-arm64-gnu@npm:0.44.0":
  version: 0.44.0
  resolution: "@oxfmt/binding-linux-arm64-gnu@npm:0.44.0"
  conditions: os=linux & cpu=arm64 & libc=glibc
  languageName: node
  linkType: hard

"@oxfmt/binding-linux-arm64-musl@npm:0.44.0":
  version: 0.44.0
  resolution: "@oxfmt/binding-linux-arm64-musl@npm:0.44.0"
  conditions: os=linux & cpu=arm64 & libc=musl
  languageName: node
  linkType: hard

"@oxfmt/binding-linux-ppc64-gnu@npm:0.44.0":
  version: 0.44.0
  resolution: "@oxfmt/binding-linux-ppc64-gnu@npm:0.44.0"
  conditions: os=linux & cpu=ppc64 & libc=glibc
  languageName: node
  linkType: hard

"@oxfmt/binding-linux-riscv64-gnu@npm:0.44.0":
  version: 0.44.0
  resolution: "@oxfmt/binding-linux-riscv64-gnu@npm:0.44.0"
  conditions: os=linux & cpu=riscv64 & libc=glibc
  languageName: node
  linkType: hard

"@oxfmt/binding-linux-riscv64-musl@npm:0.44.0":
  version: 0.44.0
  resolution: "@oxfmt/binding-linux-riscv64-musl@npm:0.44.0"
  conditions: os=linux & cpu=riscv64 & libc=musl
  languageName: node
  linkType: hard

"@oxfmt/binding-linux-s390x-gnu@npm:0.44.0":
  version: 0.44.0
  resolution: "@oxfmt/binding-linux-s390x-gnu@npm:0.44.0"
  conditions: os=linux & cpu=s390x & libc=glibc
  languageName: node
  linkType: hard

"@oxfmt/binding-linux-x64-gnu@npm:0.44.0":
  version: 0.44.0
  resolution: "@oxfmt/binding-linux-x64-gnu@npm:0.44.0"
  conditions: os=linux & cpu=x64 & libc=glibc
  languageName: node
  linkType: hard

"@oxfmt/binding-linux-x64-musl@npm:0.44.0":
  version: 0.44.0
  resolution: "@oxfmt/binding-linux-x64-musl@npm:0.44.0"
  conditions: os=linux & cpu=x64 & libc=musl
  languageName: node
  linkType: hard

"@oxfmt/binding-openharmony-arm64@npm:0.44.0":
  version: 0.44.0
  resolution: "@oxfmt/binding-openharmony-arm64@npm:0.44.0"
  conditions: os=openharmony & cpu=arm64
  languageName: node
  linkType: hard

"@oxfmt/binding-win32-arm64-msvc@npm:0.44.0":
  version: 0.44.0
  resolution: "@oxfmt/binding-win32-arm64-msvc@npm:0.44.0"
  conditions: os=win32 & cpu=arm64
  languageName: node
  linkType: hard

"@oxfmt/binding-win32-ia32-msvc@npm:0.44.0":
  version: 0.44.0
  resolution: "@oxfmt/binding-win32-ia32-msvc@npm:0.44.0"
  conditions: os=win32 & cpu=ia32
  languageName: node
  linkType: hard

"@oxfmt/binding-win32-x64-msvc@npm:0.44.0":
  version: 0.44.0
  resolution: "@oxfmt/binding-win32-x64-msvc@npm:0.44.0"
  conditions: os=win32 & cpu=x64
  languageName: node
  linkType: hard

"@oxlint/binding-android-arm-eabi@npm:1.59.0":
  version: 1.59.0
  resolution: "@oxlint/binding-android-arm-eabi@npm:1.59.0"
  conditions: os=android & cpu=arm
  languageName: node
  linkType: hard

"@oxlint/binding-android-arm64@npm:1.59.0":
  version: 1.59.0
  resolution: "@oxlint/binding-android-arm64@npm:1.59.0"
  conditions: os=android & cpu=arm64
  languageName: node
  linkType: hard

"@oxlint/binding-darwin-arm64@npm:1.59.0":
  version: 1.59.0
  resolution: "@oxlint/binding-darwin-arm64@npm:1.59.0"
  conditions: os=darwin & cpu=arm64
  languageName: node
  linkType: hard

"@oxlint/binding-darwin-x64@npm:1.59.0":
  version: 1.59.0
  resolution: "@oxlint/binding-darwin-x64@npm:1.59.0"
  conditions: os=darwin & cpu=x64
  languageName: node
  linkType: hard

"@oxlint/binding-freebsd-x64@npm:1.59.0":
  version: 1.59.0
  resolution: "@oxlint/binding-freebsd-x64@npm:1.59.0"
  conditions: os=freebsd & cpu=x64
  languageName: node
  linkType: hard

"@oxlint/binding-linux-arm-gnueabihf@npm:1.59.0":
  version: 1.59.0
  resolution: "@oxlint/binding-linux-arm-gnueabihf@npm:1.59.0"
  conditions: os=linux & cpu=arm
  languageName: node
  linkType: hard

"@oxlint/binding-linux-arm-musleabihf@npm:1.59.0":
  version: 1.59.0
  resolution: "@oxlint/binding-linux-arm-musleabihf@npm:1.59.0"
  conditions: os=linux & cpu=arm
  languageName: node
  linkType: hard

"@oxlint/binding-linux-arm64-gnu@npm:1.59.0":
  version: 1.59.0
  resolution: "@oxlint/binding-linux-arm64-gnu@npm:1.59.0"
  conditions: os=linux & cpu=arm64 & libc=glibc
  languageName: node
  linkType: hard

"@oxlint/binding-linux-arm64-musl@npm:1.59.0":
  version: 1.59.0
  resolution: "@oxlint/binding-linux-arm64-musl@npm:1.59.0"
  conditions: os=linux & cpu=arm64 & libc=musl
  languageName: node
  linkType: hard

"@oxlint/binding-linux-ppc64-gnu@npm:1.59.0":
  version: 1.59.0
  resolution: "@oxlint/binding-linux-ppc64-gnu@npm:1.59.0"
  conditions: os=linux & cpu=ppc64 & libc=glibc
  languageName: node
  linkType: hard

"@oxlint/binding-linux-riscv64-gnu@npm:1.59.0":
  version: 1.59.0
  resolution: "@oxlint/binding-linux-riscv64-gnu@npm:1.59.0"
  conditions: os=linux & cpu=riscv64 & libc=glibc
  languageName: node
  linkType: hard

"@oxlint/binding-linux-riscv64-musl@npm:1.59.0":
  version: 1.59.0
  resolution: "@oxlint/binding-linux-riscv64-musl@npm:1.59.0"
  conditions: os=linux & cpu=riscv64 & libc=musl
  languageName: node
  linkType: hard

"@oxlint/binding-linux-s390x-gnu@npm:1.59.0":
  version: 1.59.0
  resolution: "@oxlint/binding-linux-s390x-gnu@npm:1.59.0"
  conditions: os=linux & cpu=s390x & libc=glibc
  languageName: node
  linkType: hard

"@oxlint/binding-linux-x64-gnu@npm:1.59.0":
  version: 1.59.0
  resolution: "@oxlint/binding-linux-x64-gnu@npm:1.59.0"
  conditions: os=linux & cpu=x64 & libc=glibc
  languageName: node
  linkType: hard

"@oxlint/binding-linux-x64-musl@npm:1.59.0":
  version: 1.59.0
  resolution: "@oxlint/binding-linux-x64-musl@npm:1.59.0"
  conditions: os=linux & cpu=x64 & libc=musl
  languageName: node
  linkType: hard

"@oxlint/binding-openharmony-arm64@npm:1.59.0":
  version: 1.59.0
  resolution: "@oxlint/binding-openharmony-arm64@npm:1.59.0"
  conditions: os=openharmony & cpu=arm64
  languageName: node
  linkType: hard

"@oxlint/binding-win32-arm64-msvc@npm:1.59.0":
  version: 1.59.0
  resolution: "@oxlint/binding-win32-arm64-msvc@npm:1.59.0"
  conditions: os=win32 & cpu=arm64
  languageName: node
  linkType: hard

"@oxlint/binding-win32-ia32-msvc@npm:1.59.0":
  version: 1.59.0
  resolution: "@oxlint/binding-win32-ia32-msvc@npm:1.59.0"
  conditions: os=win32 & cpu=ia32
  languageName: node
  linkType: hard

"@oxlint/binding-win32-x64-msvc@npm:1.59.0":
  version: 1.59.0
  resolution: "@oxlint/binding-win32-x64-msvc@npm:1.59.0"
  conditions: os=win32 & cpu=x64
  languageName: node
  linkType: hard

"husky@npm:^9.1.7":
  version: 9.1.7
  resolution: "husky@npm:9.1.7"
  bin:
    husky: bin.js
  checksum: 10c0/35bb110a71086c48906aa7cd3ed4913fb913823715359d65e32e0b964cb1e255593b0ae8014a5005c66a68e6fa66c38dcfa8056dbbdfb8b0187c0ffe7ee3a58f
  languageName: node
  linkType: hard

"lint-staged@npm:^17.4.1":
  version: 17.4.1
  resolution: "lint-staged@npm:17.4.1"
  dependencies:
    picomatch: "npm:^4.0.7"
    string-argv: "npm:^0.3.2"
    tinyexec: "npm:^1.3.0"
    yaml: "npm:^2.9.0"
  dependenciesMeta:
    yaml:
      optional: true
  bin:
    lint-staged: bin/lint-staged.js
  checksum: 10c0/a9d30836ee0b1fecca98f47bb4f1de013928ea6a6fef137abae83c0c009cf2731b6cc02e576dffbeb42a1c05c47ab633be13935e6938805f7e9df5ab59c5c749
  languageName: node
  linkType: hard

"node-abi@workspace:.":
  version: 0.0.0-use.local
  resolution: "node-abi@workspace:."
  dependencies:
    husky: "npm:^9.1.7"
    lint-staged: "npm:^17.4.1"
    oxfmt: "npm:^0.44.0"
    oxlint: "npm:^1.59.0"
    semver: "npm:^7.6.3"
  languageName: unknown
  linkType: soft

"oxfmt@npm:^0.44.0":
  version: 0.44.0
  resolution: "oxfmt@npm:0.44.0"
  dependencies:
    "@oxfmt/binding-android-arm-eabi": "npm:0.44.0"
    "@oxfmt/binding-android-arm64": "npm:0.44.0"
    "@oxfmt/binding-darwin-arm64": "npm:0.44.0"
    "@oxfmt/binding-darwin-x64": "npm:0.44.0"
    "@oxfmt/binding-freebsd-x64": "npm:0.44.0"
    "@oxfmt/binding-linux-arm-gnueabihf": "npm:0.44.0"
    "@oxfmt/binding-linux-arm-musleabihf": "npm:0.44.0"
    "@oxfmt/binding-linux-arm64-gnu": "npm:0.44.0"
    "@oxfmt/binding-linux-arm64-musl": "npm:0.44.0"
    "@oxfmt/binding-linux-ppc64-gnu": "npm:0.44.0"
    "@oxfmt/binding-linux-riscv64-gnu": "npm:0.44.0"
    "@oxfmt/binding-linux-riscv64-musl": "npm:0.44.0"
    "@oxfmt/binding-linux-s390x-gnu": "npm:0.44.0"
    "@oxfmt/binding-linux-x64-gnu": "npm:0.44.0"
    "@oxfmt/binding-linux-x64-musl": "npm:0.44.0"
    "@oxfmt/binding-openharmony-arm64": "npm:0.44.0"
    "@oxfmt/binding-win32-arm64-msvc": "npm:0.44.0"
    "@oxfmt/binding-win32-ia32-msvc": "npm:0.44.0"
    "@oxfmt/binding-win32-x64-msvc": "npm:0.44.0"
    tinypool: "npm:2.1.0"
  dependenciesMeta:
    "@oxfmt/binding-android-arm-eabi":
      optional: true
    "@oxfmt/binding-android-arm64":
      optional: true
    "@oxfmt/binding-darwin-arm64":
      optional: true
    "@oxfmt/binding-darwin-x64":
      optional: true
    "@oxfmt/binding-freebsd-x64":
      optional: true
    "@oxfmt/binding-linux-arm-gnueabihf":
      optional: true
    "@oxfmt/binding-linux-arm-musleabihf":
      optional: true
    "@oxfmt/binding-linux-arm64-gnu":
      optional: true
    "@oxfmt/binding-linux-arm64-musl":
      optional: true
    "@oxfmt/binding-linux-ppc64-gnu":
      optional: true
    "@oxfmt/binding-linux-riscv64-gnu":
      optional: true
    "@oxfmt/binding-linux-riscv64-musl":
      optional: true
    "@oxfmt/binding-linux-s390x-gnu":
      optional: true
    "@oxfmt/binding-linux-x64-gnu":
      optional: true
    "@oxfmt/binding-linux-x64-musl":
      optional: true
    "@oxfmt/binding-openharmony-arm64":
      optional: true
    "@oxfmt/binding-win32-arm64-msvc":
      optional: true
    "@oxfmt/binding-win32-ia32-msvc":
      optional: true
    "@oxfmt/binding-win32-x64-msvc":
      optional: true
  bin:
    oxfmt: bin/oxfmt
  checksum: 10c0/c4e0239ff9c7480a820cffd43a805a70df1b4569bdae5c253a0547f93a48ab70bb22454487c50529a5e6b2080717d15db981a52a99da7d6b55fa365c9b03fdb9
  languageName: node
  linkType: hard

"oxlint@npm:^1.59.0":
  version: 1.59.0
  resolution: "oxlint@npm:1.59.0"
  dependencies:
    "@oxlint/binding-android-arm-eabi": "npm:1.59.0"
    "@oxlint/binding-android-arm64": "npm:1.59.0"
    "@oxlint/binding-darwin-arm64": "npm:1.59.0"
    "@oxlint/binding-darwin-x64": "npm:1.59.0"
    "@oxlint/binding-freebsd-x64": "npm:1.59.0"
    "@oxlint/binding-linux-arm-gnueabihf": "npm:1.59.0"
    "@oxlint/binding-linux-arm-musleabihf": "npm:1.59.0"
    "@oxlint/binding-linux-arm64-gnu": "npm:1.59.0"
    "@oxlint/binding-linux-arm64-musl": "npm:1.59.0"
    "@oxlint/binding-linux-ppc64-gnu": "npm:1.59.0"
    "@oxlint/binding-linux-riscv64-gnu": "npm:1.59.0"
    "@oxlint/binding-linux-riscv64-musl": "npm:1.59.0"
    "@oxlint/binding-linux-s390x-gnu": "npm:1.59.0"
    "@oxlint/binding-linux-x64-gnu": "npm:1.59.0"
    "@oxlint/binding-linux-x64-musl": "npm:1.59.0"
    "@oxlint/binding-openharmony-arm64": "npm:1.59.0"
    "@oxlint/binding-win32-arm64-msvc": "npm:1.59.0"
    "@oxlint/binding-win32-ia32-msvc": "npm:1.59.0"
    "@oxlint/binding-win32-x64-msvc": "npm:1.59.0"
  peerDependencies:
    oxlint-tsgolint: ">=0.18.0"
  dependenciesMeta:
    "@oxlint/binding-android-arm-eabi":
      optional: true
    "@oxlint/binding-android-arm64":
      optional: true
    "@oxlint/binding-darwin-arm64":
      optional: true
    "@oxlint/binding-darwin-x64":
      optional: true
    "@oxlint/binding-freebsd-x64":
      optional: true
    "@oxlint/binding-linux-arm-gnueabihf":
      optional: true
    "@oxlint/binding-linux-arm-musleabihf":
      optional: true
    "@oxlint/binding-linux-arm64-gnu":
      optional: true
    "@oxlint/binding-linux-arm64-musl":
      optional: true
    "@oxlint/binding-linux-ppc64-gnu":
      optional: true
    "@oxlint/binding-linux-riscv64-gnu":
      optional: true
    "@oxlint/binding-linux-riscv64-musl":
      optional: true
    "@oxlint/binding-linux-s390x-gnu":
      optional: true
    "@oxlint/binding-linux-x64-gnu":
      optional: true
    "@oxlint/binding-linux-x64-musl":
      optional: true
    "@oxlint/binding-openharmony-arm64":
      optional: true
    "@oxlint/binding-win32-arm64-msvc":
      optional: true
    "@oxlint/binding-win32-ia32-msvc":
      optional: true
    "@oxlint/binding-win32-x64-msvc":
      optional: true
  peerDependenciesMeta:
    oxlint-tsgolint:
      optional: true
  bin:
    oxlint: bin/oxlint
  checksum: 10c0/68614addf6b6a95df8a0c8ba764ee09d2d6d1693b55b62a4f31eda3be63915d24666a11b31dfe1fabbe88e1d7ab814243a1e7ecb40db87d0f567135d17f44e2c
  languageName: node
  linkType: hard

"picomatch@npm:^4.0.7":
  version: 4.0.7
  resolution: "picomatch@npm:4.0.7"
  checksum: 10c0/beb6ae02c43ae44e84883b90830196d9046b1726ead292adcf7f57945e0bb0d992d68563d87e03b484b6f3c9a5c6defda7523477f047d7f0e663f126cc01787f
  languageName: node
  linkType: hard

"semver@npm:^7.6.3":
  version: 7.6.3
  resolution: "semver@npm:7.6.3"
  bin:
    semver: bin/semver.js
  checksum: 10c0/88f33e148b210c153873cb08cfe1e281d518aaa9a666d4d148add6560db5cd3c582f3a08ccb91f38d5f379ead256da9931234ed122057f40bb5766e65e58adaf
  languageName: node
  linkType: hard

"string-argv@npm:^0.3.2":
  version: 0.3.2
  resolution: "string-argv@npm:0.3.2"
  checksum: 10c0/75c02a83759ad1722e040b86823909d9a2fc75d15dd71ec4b537c3560746e33b5f5a07f7332d1e3f88319909f82190843aa2f0a0d8c8d591ec08e93d5b8dec82
  languageName: node
  linkType: hard

"tinyexec@npm:^1.3.0":
  version: 1.3.0
  resolution: "tinyexec@npm:1.3.0"
  checksum: 10c0/e9b89f97489d2aab2cef408da279e6b32547e738d1275032ccb8fd0028a006d93eb70fc51c6cffd9fc2f5aca6c2a273d8b6f73b52d46ee5116da6b94969ef958
  languageName: node
  linkType: hard

"tinypool@npm:2.1.0":
  version: 2.1.0
  resolution: "tinypool@npm:2.1.0"
  checksum: 10c0/9fb1c760558c6264e0f4cfde96a63b12450b43f1730fbe6274aa24ddbdf488745c08924d0dea7a1303b47d555416a6415f2113898c69b6ecf731e75ac95238a5
  languageName: node
  linkType: hard

"yaml@npm:^2.9.0":
  version: 2.9.0
  resolution: "yaml@npm:2.9.0"
  bin:
    yaml: bin.mjs
  checksum: 10c0/f340718df45e97a9551b9bf9dac61c80050bc464513b710debfb5067c380c8472e3b67809cffacb4ab5ffb5e66ef9310816c88b05f371cec60abfedd8c88e0a2
  languageName: node
  linkType: hard
